{
  "pins" : [
    {
      "identity" : "kingfisher",
      "kind" : "remoteSourceControl",
      "location" : "https://github.com/onevcat/Kingfisher.git",
      "state" : {
        "branch" : "master",
        "revision" : "a1704c5e75d563789b8f9f2f88cddee1c3ab4e49"
      }
    }
  ],
  "version" : 2
}
