// !$*UTF8*$!
{
	archiveVersion = 1;
	classes = {
	};
	objectVersion = 56;
	objects = {

/* Begin PBXBuildFile section */
		E1365A2C2DBE20F600BE4C32 /* AppDelegate.swift in Sources */ = {isa = PBXBuildFile; fileRef = E1365A2B2DBE20F600BE4C32 /* AppDelegate.swift */; };
		E1365A2E2DBE20F600BE4C32 /* SceneDelegate.swift in Sources */ = {isa = PBXBuildFile; fileRef = E1365A2D2DBE20F600BE4C32 /* SceneDelegate.swift */; };
		E1365A302DBE20F600BE4C32 /* ViewController.swift in Sources */ = {isa = PBXBuildFile; fileRef = E1365A2F2DBE20F600BE4C32 /* ViewController.swift */; };
		E1365A332DBE20F600BE4C32 /* Main.storyboard in Resources */ = {isa = PBXBuildFile; fileRef = E1365A312DBE20F600BE4C32 /* Main.storyboard */; };
		E1365A352DBE20F700BE4C32 /* Assets.xcassets in Resources */ = {isa = PBXBuildFile; fileRef = E1365A342DBE20F700BE4C32 /* Assets.xcassets */; };
		E1365A382DBE20F700BE4C32 /* LaunchScreen.storyboard in Resources */ = {isa = PBXBuildFile; fileRef = E1365A362DBE20F700BE4C32 /* LaunchScreen.storyboard */; };
		E1365A432DBE20F800BE4C32 /* Day2_swiftTests.swift in Sources */ = {isa = PBXBuildFile; fileRef = E1365A422DBE20F800BE4C32 /* Day2_swiftTests.swift */; };
		E1365A4D2DBE20F800BE4C32 /* Day2_swiftUITests.swift in Sources */ = {isa = PBXBuildFile; fileRef = E1365A4C2DBE20F800BE4C32 /* Day2_swiftUITests.swift */; };
		E1365A4F2DBE20F800BE4C32 /* Day2_swiftUITestsLaunchTests.swift in Sources */ = {isa = PBXBuildFile; fileRef = E1365A4E2DBE20F800BE4C32 /* Day2_swiftUITestsLaunchTests.swift */; };
		E1365A622DBE2D1700BE4C32 /* MoviesTableViewController.swift in Sources */ = {isa = PBXBuildFile; fileRef = E1365A612DBE2D1700BE4C32 /* MoviesTableViewController.swift */; };
		E1365A642DBE2FB900BE4C32 /* MovieDetailsViewController.swift in Sources */ = {isa = PBXBuildFile; fileRef = E1365A632DBE2FB900BE4C32 /* MovieDetailsViewController.swift */; };
		E18458042DBF894E00892371 /* AddMovieViewController.swift in Sources */ = {isa = PBXBuildFile; fileRef = E18458032DBF894E00892371 /* AddMovieViewController.swift */; };
		E1E673D82DC234DA002DA382 /* MovieTableViewCell.swift in Sources */ = {isa = PBXBuildFile; fileRef = E1E673D72DC234DA002DA382 /* MovieTableViewCell.swift */; };
		E1E673DA2DC2414F002DA382 /* DatabaseMangager.swift in Sources */ = {isa = PBXBuildFile; fileRef = E1E673D92DC2414F002DA382 /* DatabaseMangager.swift */; };
/* End PBXBuildFile section */

/* Begin PBXContainerItemProxy section */
		E1365A3F2DBE20F800BE4C32 /* PBXContainerItemProxy */ = {
			isa = PBXContainerItemProxy;
			containerPortal = E1365A202DBE20F600BE4C32 /* Project object */;
			proxyType = 1;
			remoteGlobalIDString = E1365A272DBE20F600BE4C32;
			remoteInfo = "Day2 swift";
		};
		E1365A492DBE20F800BE4C32 /* PBXContainerItemProxy */ = {
			isa = PBXContainerItemProxy;
			containerPortal = E1365A202DBE20F600BE4C32 /* Project object */;
			proxyType = 1;
			remoteGlobalIDString = E1365A272DBE20F600BE4C32;
			remoteInfo = "Day2 swift";
		};
/* End PBXContainerItemProxy section */

/* Begin PBXFileReference section */
		E1365A282DBE20F600BE4C32 /* Day2 swift.app */ = {isa = PBXFileReference; explicitFileType = wrapper.application; includeInIndex = 0; path = "Day2 swift.app"; sourceTree = BUILT_PRODUCTS_DIR; };
		E1365A2B2DBE20F600BE4C32 /* AppDelegate.swift */ = {isa = PBXFileReference; lastKnownFileType = sourcecode.swift; path = AppDelegate.swift; sourceTree = "<group>"; };
		E1365A2D2DBE20F600BE4C32 /* SceneDelegate.swift */ = {isa = PBXFileReference; lastKnownFileType = sourcecode.swift; path = SceneDelegate.swift; sourceTree = "<group>"; };
		E1365A2F2DBE20F600BE4C32 /* ViewController.swift */ = {isa = PBXFileReference; lastKnownFileType = sourcecode.swift; path = ViewController.swift; sourceTree = "<group>"; };
		E1365A322DBE20F600BE4C32 /* Base */ = {isa = PBXFileReference; lastKnownFileType = file.storyboard; name = Base; path = Base.lproj/Main.storyboard; sourceTree = "<group>"; };
		E1365A342DBE20F700BE4C32 /* Assets.xcassets */ = {isa = PBXFileReference; lastKnownFileType = folder.assetcatalog; path = Assets.xcassets; sourceTree = "<group>"; };
		E1365A372DBE20F700BE4C32 /* Base */ = {isa = PBXFileReference; lastKnownFileType = file.storyboard; name = Base; path = Base.lproj/LaunchScreen.storyboard; sourceTree = "<group>"; };
		E1365A392DBE20F700BE4C32 /* Info.plist */ = {isa = PBXFileReference; lastKnownFileType = text.plist.xml; path = Info.plist; sourceTree = "<group>"; };
		E1365A3E2DBE20F800BE4C32 /* Day2 swiftTests.xctest */ = {isa = PBXFileReference; explicitFileType = wrapper.cfbundle; includeInIndex = 0; path = "Day2 swiftTests.xctest"; sourceTree = BUILT_PRODUCTS_DIR; };
		E1365A422DBE20F800BE4C32 /* Day2_swiftTests.swift */ = {isa = PBXFileReference; lastKnownFileType = sourcecode.swift; path = Day2_swiftTests.swift; sourceTree = "<group>"; };
		E1365A482DBE20F800BE4C32 /* Day2 swiftUITests.xctest */ = {isa = PBXFileReference; explicitFileType = wrapper.cfbundle; includeInIndex = 0; path = "Day2 swiftUITests.xctest"; sourceTree = BUILT_PRODUCTS_DIR; };
		E1365A4C2DBE20F800BE4C32 /* Day2_swiftUITests.swift */ = {isa = PBXFileReference; lastKnownFileType = sourcecode.swift; path = Day2_swiftUITests.swift; sourceTree = "<group>"; };
		E1365A4E2DBE20F800BE4C32 /* Day2_swiftUITestsLaunchTests.swift */ = {isa = PBXFileReference; lastKnownFileType = sourcecode.swift; path = Day2_swiftUITestsLaunchTests.swift; sourceTree = "<group>"; };
		E1365A612DBE2D1700BE4C32 /* MoviesTableViewController.swift */ = {isa = PBXFileReference; lastKnownFileType = sourcecode.swift; path = MoviesTableViewController.swift; sourceTree = "<group>"; };
		E1365A632DBE2FB900BE4C32 /* MovieDetailsViewController.swift */ = {isa = PBXFileReference; lastKnownFileType = sourcecode.swift; path = MovieDetailsViewController.swift; sourceTree = "<group>"; };
		E18458032DBF894E00892371 /* AddMovieViewController.swift */ = {isa = PBXFileReference; lastKnownFileType = sourcecode.swift; path = AddMovieViewController.swift; sourceTree = "<group>"; };
		E1E673D72DC234DA002DA382 /* MovieTableViewCell.swift */ = {isa = PBXFileReference; lastKnownFileType = sourcecode.swift; path = MovieTableViewCell.swift; sourceTree = "<group>"; };
		E1E673D92DC2414F002DA382 /* DatabaseMangager.swift */ = {isa = PBXFileReference; lastKnownFileType = sourcecode.swift; path = DatabaseMangager.swift; sourceTree = "<group>"; };
/* End PBXFileReference section */

/* Begin PBXFrameworksBuildPhase section */
		E1365A252DBE20F600BE4C32 /* Frameworks */ = {
			isa = PBXFrameworksBuildPhase;
			buildActionMask = 2147483647;
			files = (
			);
			runOnlyForDeploymentPostprocessing = 0;
		};
		E1365A3B2DBE20F800BE4C32 /* Frameworks */ = {
			isa = PBXFrameworksBuildPhase;
			buildActionMask = 2147483647;
			files = (
			);
			runOnlyForDeploymentPostprocessing = 0;
		};
		E1365A452DBE20F800BE4C32 /* Frameworks */ = {
			isa = PBXFrameworksBuildPhase;
			buildActionMask = 2147483647;
			files = (
			);
			runOnlyForDeploymentPostprocessing = 0;
		};
/* End PBXFrameworksBuildPhase section */

/* Begin PBXGroup section */
		E1365A1F2DBE20F600BE4C32 = {
			isa = PBXGroup;
			children = (
				E1365A2A2DBE20F600BE4C32 /* Day2 swift */,
				E1365A412DBE20F800BE4C32 /* Day2 swiftTests */,
				E1365A4B2DBE20F800BE4C32 /* Day2 swiftUITests */,
				E1365A292DBE20F600BE4C32 /* Products */,
			);
			sourceTree = "<group>";
		};
		E1365A292DBE20F600BE4C32 /* Products */ = {
			isa = PBXGroup;
			children = (
				E1365A282DBE20F600BE4C32 /* Day2 swift.app */,
				E1365A3E2DBE20F800BE4C32 /* Day2 swiftTests.xctest */,
				E1365A482DBE20F800BE4C32 /* Day2 swiftUITests.xctest */,
			);
			name = Products;
			sourceTree = "<group>";
		};
		E1365A2A2DBE20F600BE4C32 /* Day2 swift */ = {
			isa = PBXGroup;
			children = (
				E1365A2B2DBE20F600BE4C32 /* AppDelegate.swift */,
				E1365A2D2DBE20F600BE4C32 /* SceneDelegate.swift */,
				E1365A2F2DBE20F600BE4C32 /* ViewController.swift */,
				E1365A312DBE20F600BE4C32 /* Main.storyboard */,
				E1365A342DBE20F700BE4C32 /* Assets.xcassets */,
				E1365A362DBE20F700BE4C32 /* LaunchScreen.storyboard */,
				E1365A392DBE20F700BE4C32 /* Info.plist */,
				E1365A612DBE2D1700BE4C32 /* MoviesTableViewController.swift */,
				E1365A632DBE2FB900BE4C32 /* MovieDetailsViewController.swift */,
				E18458032DBF894E00892371 /* AddMovieViewController.swift */,
				E1E673D72DC234DA002DA382 /* MovieTableViewCell.swift */,
				E1E673D92DC2414F002DA382 /* DatabaseMangager.swift */,
			);
			path = "Day2 swift";
			sourceTree = "<group>";
		};
		E1365A412DBE20F800BE4C32 /* Day2 swiftTests */ = {
			isa = PBXGroup;
			children = (
				E1365A422DBE20F800BE4C32 /* Day2_swiftTests.swift */,
			);
			path = "Day2 swiftTests";
			sourceTree = "<group>";
		};
		E1365A4B2DBE20F800BE4C32 /* Day2 swiftUITests */ = {
			isa = PBXGroup;
			children = (
				E1365A4C2DBE20F800BE4C32 /* Day2_swiftUITests.swift */,
				E1365A4E2DBE20F800BE4C32 /* Day2_swiftUITestsLaunchTests.swift */,
			);
			path = "Day2 swiftUITests";
			sourceTree = "<group>";
		};
/* End PBXGroup section */

/* Begin PBXNativeTarget section */
		E1365A272DBE20F600BE4C32 /* Day2 swift */ = {
			isa = PBXNativeTarget;
			buildConfigurationList = E1365A522DBE20F800BE4C32 /* Build configuration list for PBXNativeTarget "Day2 swift" */;
			buildPhases = (
				E1365A242DBE20F600BE4C32 /* Sources */,
				E1365A252DBE20F600BE4C32 /* Frameworks */,
				E1365A262DBE20F600BE4C32 /* Resources */,
			);
			buildRules = (
			);
			dependencies = (
			);
			name = "Day2 swift";
			productName = "Day2 swift";
			productReference = E1365A282DBE20F600BE4C32 /* Day2 swift.app */;
			productType = "com.apple.product-type.application";
		};
		E1365A3D2DBE20F800BE4C32 /* Day2 swiftTests */ = {
			isa = PBXNativeTarget;
			buildConfigurationList = E1365A552DBE20F800BE4C32 /* Build configuration list for PBXNativeTarget "Day2 swiftTests" */;
			buildPhases = (
				E1365A3A2DBE20F800BE4C32 /* Sources */,
				E1365A3B2DBE20F800BE4C32 /* Frameworks */,
				E1365A3C2DBE20F800BE4C32 /* Resources */,
			);
			buildRules = (
			);
			dependencies = (
				E1365A402DBE20F800BE4C32 /* PBXTargetDependency */,
			);
			name = "Day2 swiftTests";
			productName = "Day2 swiftTests";
			productReference = E1365A3E2DBE20F800BE4C32 /* Day2 swiftTests.xctest */;
			productType = "com.apple.product-type.bundle.unit-test";
		};
		E1365A472DBE20F800BE4C32 /* Day2 swiftUITests */ = {
			isa = PBXNativeTarget;
			buildConfigurationList = E1365A582DBE20F800BE4C32 /* Build configuration list for PBXNativeTarget "Day2 swiftUITests" */;
			buildPhases = (
				E1365A442DBE20F800BE4C32 /* Sources */,
				E1365A452DBE20F800BE4C32 /* Frameworks */,
				E1365A462DBE20F800BE4C32 /* Resources */,
			);
			buildRules = (
			);
			dependencies = (
				E1365A4A2DBE20F800BE4C32 /* PBXTargetDependency */,
			);
			name = "Day2 swiftUITests";
			productName = "Day2 swiftUITests";
			productReference = E1365A482DBE20F800BE4C32 /* Day2 swiftUITests.xctest */;
			productType = "com.apple.product-type.bundle.ui-testing";
		};
/* End PBXNativeTarget section */

/* Begin PBXProject section */
		E1365A202DBE20F600BE4C32 /* Project object */ = {
			isa = PBXProject;
			attributes = {
				BuildIndependentTargetsInParallel = 1;
				LastSwiftUpdateCheck = 1420;
				LastUpgradeCheck = 1420;
				TargetAttributes = {
					E1365A272DBE20F600BE4C32 = {
						CreatedOnToolsVersion = 14.2;
					};
					E1365A3D2DBE20F800BE4C32 = {
						CreatedOnToolsVersion = 14.2;
						TestTargetID = E1365A272DBE20F600BE4C32;
					};
					E1365A472DBE20F800BE4C32 = {
						CreatedOnToolsVersion = 14.2;
						TestTargetID = E1365A272DBE20F600BE4C32;
					};
				};
			};
			buildConfigurationList = E1365A232DBE20F600BE4C32 /* Build configuration list for PBXProject "Day2 swift" */;
			compatibilityVersion = "Xcode 14.0";
			developmentRegion = en;
			hasScannedForEncodings = 0;
			knownRegions = (
				en,
				Base,
			);
			mainGroup = E1365A1F2DBE20F600BE4C32;
			productRefGroup = E1365A292DBE20F600BE4C32 /* Products */;
			projectDirPath = "";
			projectRoot = "";
			targets = (
				E1365A272DBE20F600BE4C32 /* Day2 swift */,
				E1365A3D2DBE20F800BE4C32 /* Day2 swiftTests */,
				E1365A472DBE20F800BE4C32 /* Day2 swiftUITests */,
			);
		};
/* End PBXProject section */

/* Begin PBXResourcesBuildPhase section */
		E1365A262DBE20F600BE4C32 /* Resources */ = {
			isa = PBXResourcesBuildPhase;
			buildActionMask = 2147483647;
			files = (
				E1365A382DBE20F700BE4C32 /* LaunchScreen.storyboard in Resources */,
				E1365A352DBE20F700BE4C32 /* Assets.xcassets in Resources */,
				E1365A332DBE20F600BE4C32 /* Main.storyboard in Resources */,
			);
			runOnlyForDeploymentPostprocessing = 0;
		};
		E1365A3C2DBE20F800BE4C32 /* Resources */ = {
			isa = PBXResourcesBuildPhase;
			buildActionMask = 2147483647;
			files = (
			);
			runOnlyForDeploymentPostprocessing = 0;
		};
		E1365A462DBE20F800BE4C32 /* Resources */ = {
			isa = PBXResourcesBuildPhase;
			buildActionMask = 2147483647;
			files = (
			);
			runOnlyForDeploymentPostprocessing = 0;
		};
/* End PBXResourcesBuildPhase section */

/* Begin PBXSourcesBuildPhase section */
		E1365A242DBE20F600BE4C32 /* Sources */ = {
			isa = PBXSourcesBuildPhase;
			buildActionMask = 2147483647;
			files = (
				E1E673DA2DC2414F002DA382 /* DatabaseMangager.swift in Sources */,
				E1365A642DBE2FB900BE4C32 /* MovieDetailsViewController.swift in Sources */,
				E1365A622DBE2D1700BE4C32 /* MoviesTableViewController.swift in Sources */,
				E1E673D82DC234DA002DA382 /* MovieTableViewCell.swift in Sources */,
				E1365A302DBE20F600BE4C32 /* ViewController.swift in Sources */,
				E1365A2C2DBE20F600BE4C32 /* AppDelegate.swift in Sources */,
				E1365A2E2DBE20F600BE4C32 /* SceneDelegate.swift in Sources */,
				E18458042DBF894E00892371 /* AddMovieViewController.swift in Sources */,
			);
			runOnlyForDeploymentPostprocessing = 0;
		};
		E1365A3A2DBE20F800BE4C32 /* Sources */ = {
			isa = PBXSourcesBuildPhase;
			buildActionMask = 2147483647;
			files = (
				E1365A432DBE20F800BE4C32 /* Day2_swiftTests.swift in Sources */,
			);
			runOnlyForDeploymentPostprocessing = 0;
		};
		E1365A442DBE20F800BE4C32 /* Sources */ = {
			isa = PBXSourcesBuildPhase;
			buildActionMask = 2147483647;
			files = (
				E1365A4F2DBE20F800BE4C32 /* Day2_swiftUITestsLaunchTests.swift in Sources */,
				E1365A4D2DBE20F800BE4C32 /* Day2_swiftUITests.swift in Sources */,
			);
			runOnlyForDeploymentPostprocessing = 0;
		};
/* End PBXSourcesBuildPhase section */

/* Begin PBXTargetDependency section */
		E1365A402DBE20F800BE4C32 /* PBXTargetDependency */ = {
			isa = PBXTargetDependency;
			target = E1365A272DBE20F600BE4C32 /* Day2 swift */;
			targetProxy = E1365A3F2DBE20F800BE4C32 /* PBXContainerItemProxy */;
		};
		E1365A4A2DBE20F800BE4C32 /* PBXTargetDependency */ = {
			isa = PBXTargetDependency;
			target = E1365A272DBE20F600BE4C32 /* Day2 swift */;
			targetProxy = E1365A492DBE20F800BE4C32 /* PBXContainerItemProxy */;
		};
/* End PBXTargetDependency section */

/* Begin PBXVariantGroup section */
		E1365A312DBE20F600BE4C32 /* Main.storyboard */ = {
			isa = PBXVariantGroup;
			children = (
				E1365A322DBE20F600BE4C32 /* Base */,
			);
			name = Main.storyboard;
			sourceTree = "<group>";
		};
		E1365A362DBE20F700BE4C32 /* LaunchScreen.storyboard */ = {
			isa = PBXVariantGroup;
			children = (
				E1365A372DBE20F700BE4C32 /* Base */,
			);
			name = LaunchScreen.storyboard;
			sourceTree = "<group>";
		};
/* End PBXVariantGroup section */

/* Begin XCBuildConfiguration section */
		E1365A502DBE20F800BE4C32 /* Debug */ = {
			isa = XCBuildConfiguration;
			buildSettings = {
				ALWAYS_SEARCH_USER_PATHS = NO;
				CLANG_ANALYZER_NONNULL = YES;
				CLANG_ANALYZER_NUMBER_OBJECT_CONVERSION = YES_AGGRESSIVE;
				CLANG_CXX_LANGUAGE_STANDARD = "gnu++20";
				CLANG_ENABLE_MODULES = YES;
				CLANG_ENABLE_OBJC_ARC = YES;
				CLANG_ENABLE_OBJC_WEAK = YES;
				CLANG_WARN_BLOCK_CAPTURE_AUTORELEASING = YES;
				CLANG_WARN_BOOL_CONVERSION = YES;
				CLANG_WARN_COMMA = YES;
				CLANG_WARN_CONSTANT_CONVERSION = YES;
				CLANG_WARN_DEPRECATED_OBJC_IMPLEMENTATIONS = YES;
				CLANG_WARN_DIRECT_OBJC_ISA_USAGE = YES_ERROR;
				CLANG_WARN_DOCUMENTATION_COMMENTS = YES;
				CLANG_WARN_EMPTY_BODY = YES;
				CLANG_WARN_ENUM_CONVERSION = YES;
				CLANG_WARN_INFINITE_RECURSION = YES;
				CLANG_WARN_INT_CONVERSION = YES;
				CLANG_WARN_NON_LITERAL_NULL_CONVERSION = YES;
				CLANG_WARN_OBJC_IMPLICIT_RETAIN_SELF = YES;
				CLANG_WARN_OBJC_LITERAL_CONVERSION = YES;
				CLANG_WARN_OBJC_ROOT_CLASS = YES_ERROR;
				CLANG_WARN_QUOTED_INCLUDE_IN_FRAMEWORK_HEADER = YES;
				CLANG_WARN_RANGE_LOOP_ANALYSIS = YES;
				CLANG_WARN_STRICT_PROTOTYPES = YES;
				CLANG_WARN_SUSPICIOUS_MOVE = YES;
				CLANG_WARN_UNGUARDED_AVAILABILITY = YES_AGGRESSIVE;
				CLANG_WARN_UNREACHABLE_CODE = YES;
				CLANG_WARN__DUPLICATE_METHOD_MATCH = YES;
				COPY_PHASE_STRIP = NO;
				DEBUG_INFORMATION_FORMAT = dwarf;
				ENABLE_STRICT_OBJC_MSGSEND = YES;
				ENABLE_TESTABILITY = YES;
				GCC_C_LANGUAGE_STANDARD = gnu11;
				GCC_DYNAMIC_NO_PIC = NO;
				GCC_NO_COMMON_BLOCKS = YES;
				GCC_OPTIMIZATION_LEVEL = 0;
				GCC_PREPROCESSOR_DEFINITIONS = (
					"DEBUG=1",
					"$(inherited)",
				);
				GCC_WARN_64_TO_32_BIT_CONVERSION = YES;
				GCC_WARN_ABOUT_RETURN_TYPE = YES_ERROR;
				GCC_WARN_UNDECLARED_SELECTOR = YES;
				GCC_WARN_UNINITIALIZED_AUTOS = YES_AGGRESSIVE;
				GCC_WARN_UNUSED_FUNCTION = YES;
				GCC_WARN_UNUSED_VARIABLE = YES;
				IPHONEOS_DEPLOYMENT_TARGET = 16.2;
				MTL_ENABLE_DEBUG_INFO = INCLUDE_SOURCE;
				MTL_FAST_MATH = YES;
				ONLY_ACTIVE_ARCH = YES;
				SDKROOT = iphoneos;
				SWIFT_ACTIVE_COMPILATION_CONDITIONS = DEBUG;
				SWIFT_OPTIMIZATION_LEVEL = "-Onone";
			};
			name = Debug;
		};
		E1365A512DBE20F800BE4C32 /* Release */ = {
			isa = XCBuildConfiguration;
			buildSettings = {
				ALWAYS_SEARCH_USER_PATHS = NO;
				CLANG_ANALYZER_NONNULL = YES;
				CLANG_ANALYZER_NUMBER_OBJECT_CONVERSION = YES_AGGRESSIVE;
				CLANG_CXX_LANGUAGE_STANDARD = "gnu++20";
				CLANG_ENABLE_MODULES = YES;
				CLANG_ENABLE_OBJC_ARC = YES;
				CLANG_ENABLE_OBJC_WEAK = YES;
				CLANG_WARN_BLOCK_CAPTURE_AUTORELEASING = YES;
				CLANG_WARN_BOOL_CONVERSION = YES;
				CLANG_WARN_COMMA = YES;
				CLANG_WARN_CONSTANT_CONVERSION = YES;
				CLANG_WARN_DEPRECATED_OBJC_IMPLEMENTATIONS = YES;
				CLANG_WARN_DIRECT_OBJC_ISA_USAGE = YES_ERROR;
				CLANG_WARN_DOCUMENTATION_COMMENTS = YES;
				CLANG_WARN_EMPTY_BODY = YES;
				CLANG_WARN_ENUM_CONVERSION = YES;
				CLANG_WARN_INFINITE_RECURSION = YES;
				CLANG_WARN_INT_CONVERSION = YES;
				CLANG_WARN_NON_LITERAL_NULL_CONVERSION = YES;
				CLANG_WARN_OBJC_IMPLICIT_RETAIN_SELF = YES;
				CLANG_WARN_OBJC_LITERAL_CONVERSION = YES;
				CLANG_WARN_OBJC_ROOT_CLASS = YES_ERROR;
				CLANG_WARN_QUOTED_INCLUDE_IN_FRAMEWORK_HEADER = YES;
				CLANG_WARN_RANGE_LOOP_ANALYSIS = YES;
				CLANG_WARN_STRICT_PROTOTYPES = YES;
				CLANG_WARN_SUSPICIOUS_MOVE = YES;
				CLANG_WARN_UNGUARDED_AVAILABILITY = YES_AGGRESSIVE;
				CLANG_WARN_UNREACHABLE_CODE = YES;
				CLANG_WARN__DUPLICATE_METHOD_MATCH = YES;
				COPY_PHASE_STRIP = NO;
				DEBUG_INFORMATION_FORMAT = "dwarf-with-dsym";
				ENABLE_NS_ASSERTIONS = NO;
				ENABLE_STRICT_OBJC_MSGSEND = YES;
				GCC_C_LANGUAGE_STANDARD = gnu11;
				GCC_NO_COMMON_BLOCKS = YES;
				GCC_WARN_64_TO_32_BIT_CONVERSION = YES;
				GCC_WARN_ABOUT_RETURN_TYPE = YES_ERROR;
				GCC_WARN_UNDECLARED_SELECTOR = YES;
				GCC_WARN_UNINITIALIZED_AUTOS = YES_AGGRESSIVE;
				GCC_WARN_UNUSED_FUNCTION = YES;
				GCC_WARN_UNUSED_VARIABLE = YES;
				IPHONEOS_DEPLOYMENT_TARGET = 16.2;
				MTL_ENABLE_DEBUG_INFO = NO;
				MTL_FAST_MATH = YES;
				SDKROOT = iphoneos;
				SWIFT_COMPILATION_MODE = wholemodule;
				SWIFT_OPTIMIZATION_LEVEL = "-O";
				VALIDATE_PRODUCT = YES;
			};
			name = Release;
		};
		E1365A532DBE20F800BE4C32 /* Debug */ = {
			isa = XCBuildConfiguration;
			buildSettings = {
				ASSETCATALOG_COMPILER_APPICON_NAME = AppIcon;
				ASSETCATALOG_COMPILER_GLOBAL_ACCENT_COLOR_NAME = AccentColor;
				CODE_SIGN_STYLE = Automatic;
				CURRENT_PROJECT_VERSION = 1;
				GENERATE_INFOPLIST_FILE = YES;
				INFOPLIST_FILE = "Day2 swift/Info.plist";
				INFOPLIST_KEY_UIApplicationSupportsIndirectInputEvents = YES;
				INFOPLIST_KEY_UILaunchStoryboardName = LaunchScreen;
				INFOPLIST_KEY_UIMainStoryboardFile = Main;
				INFOPLIST_KEY_UISupportedInterfaceOrientations_iPad = "UIInterfaceOrientationPortrait UIInterfaceOrientationPortraitUpsideDown UIInterfaceOrientationLandscapeLeft UIInterfaceOrientationLandscapeRight";
				INFOPLIST_KEY_UISupportedInterfaceOrientations_iPhone = "UIInterfaceOrientationPortrait UIInterfaceOrientationLandscapeLeft UIInterfaceOrientationLandscapeRight";
				LD_RUNPATH_SEARCH_PATHS = (
					"$(inherited)",
					"@executable_path/Frameworks",
				);
				MARKETING_VERSION = 1.0;
				PRODUCT_BUNDLE_IDENTIFIER = "-.Day2-swift";
				PRODUCT_NAME = "$(TARGET_NAME)";
				SWIFT_EMIT_LOC_STRINGS = YES;
				SWIFT_VERSION = 5.0;
				TARGETED_DEVICE_FAMILY = "1,2";
			};
			name = Debug;
		};
		E1365A542DBE20F800BE4C32 /* Release */ = {
			isa = XCBuildConfiguration;
			buildSettings = {
				ASSETCATALOG_COMPILER_APPICON_NAME = AppIcon;
				ASSETCATALOG_COMPILER_GLOBAL_ACCENT_COLOR_NAME = AccentColor;
				CODE_SIGN_STYLE = Automatic;
				CURRENT_PROJECT_VERSION = 1;
				GENERATE_INFOPLIST_FILE = YES;
				INFOPLIST_FILE = "Day2 swift/Info.plist";
				INFOPLIST_KEY_UIApplicationSupportsIndirectInputEvents = YES;
				INFOPLIST_KEY_UILaunchStoryboardName = LaunchScreen;
				INFOPLIST_KEY_UIMainStoryboardFile = Main;
				INFOPLIST_KEY_UISupportedInterfaceOrientations_iPad = "UIInterfaceOrientationPortrait UIInterfaceOrientationPortraitUpsideDown UIInterfaceOrientationLandscapeLeft UIInterfaceOrientationLandscapeRight";
				INFOPLIST_KEY_UISupportedInterfaceOrientations_iPhone = "UIInterfaceOrientationPortrait UIInterfaceOrientationLandscapeLeft UIInterfaceOrientationLandscapeRight";
				LD_RUNPATH_SEARCH_PATHS = (
					"$(inherited)",
					"@executable_path/Frameworks",
				);
				MARKETING_VERSION = 1.0;
				PRODUCT_BUNDLE_IDENTIFIER = "-.Day2-swift";
				PRODUCT_NAME = "$(TARGET_NAME)";
				SWIFT_EMIT_LOC_STRINGS = YES;
				SWIFT_VERSION = 5.0;
				TARGETED_DEVICE_FAMILY = "1,2";
			};
			name = Release;
		};
		E1365A562DBE20F800BE4C32 /* Debug */ = {
			isa = XCBuildConfiguration;
			buildSettings = {
				ALWAYS_EMBED_SWIFT_STANDARD_LIBRARIES = YES;
				BUNDLE_LOADER = "$(TEST_HOST)";
				CODE_SIGN_STYLE = Automatic;
				CURRENT_PROJECT_VERSION = 1;
				GENERATE_INFOPLIST_FILE = YES;
				IPHONEOS_DEPLOYMENT_TARGET = 16.2;
				MARKETING_VERSION = 1.0;
				PRODUCT_BUNDLE_IDENTIFIER = "-.Day2-swiftTests";
				PRODUCT_NAME = "$(TARGET_NAME)";
				SWIFT_EMIT_LOC_STRINGS = NO;
				SWIFT_VERSION = 5.0;
				TARGETED_DEVICE_FAMILY = "1,2";
				TEST_HOST = "$(BUILT_PRODUCTS_DIR)/Day2 swift.app/$(BUNDLE_EXECUTABLE_FOLDER_PATH)/Day2 swift";
			};
			name = Debug;
		};
		E1365A572DBE20F800BE4C32 /* Release */ = {
			isa = XCBuildConfiguration;
			buildSettings = {
				ALWAYS_EMBED_SWIFT_STANDARD_LIBRARIES = YES;
				BUNDLE_LOADER = "$(TEST_HOST)";
				CODE_SIGN_STYLE = Automatic;
				CURRENT_PROJECT_VERSION = 1;
				GENERATE_INFOPLIST_FILE = YES;
				IPHONEOS_DEPLOYMENT_TARGET = 16.2;
				MARKETING_VERSION = 1.0;
				PRODUCT_BUNDLE_IDENTIFIER = "-.Day2-swiftTests";
				PRODUCT_NAME = "$(TARGET_NAME)";
				SWIFT_EMIT_LOC_STRINGS = NO;
				SWIFT_VERSION = 5.0;
				TARGETED_DEVICE_FAMILY = "1,2";
				TEST_HOST = "$(BUILT_PRODUCTS_DIR)/Day2 swift.app/$(BUNDLE_EXECUTABLE_FOLDER_PATH)/Day2 swift";
			};
			name = Release;
		};
		E1365A592DBE20F800BE4C32 /* Debug */ = {
			isa = XCBuildConfiguration;
			buildSettings = {
				ALWAYS_EMBED_SWIFT_STANDARD_LIBRARIES = YES;
				CODE_SIGN_STYLE = Automatic;
				CURRENT_PROJECT_VERSION = 1;
				GENERATE_INFOPLIST_FILE = YES;
				MARKETING_VERSION = 1.0;
				PRODUCT_BUNDLE_IDENTIFIER = "-.Day2-swiftUITests";
				PRODUCT_NAME = "$(TARGET_NAME)";
				SWIFT_EMIT_LOC_STRINGS = NO;
				SWIFT_VERSION = 5.0;
				TARGETED_DEVICE_FAMILY = "1,2";
				TEST_TARGET_NAME = "Day2 swift";
			};
			name = Debug;
		};
		E1365A5A2DBE20F800BE4C32 /* Release */ = {
			isa = XCBuildConfiguration;
			buildSettings = {
				ALWAYS_EMBED_SWIFT_STANDARD_LIBRARIES = YES;
				CODE_SIGN_STYLE = Automatic;
				CURRENT_PROJECT_VERSION = 1;
				GENERATE_INFOPLIST_FILE = YES;
				MARKETING_VERSION = 1.0;
				PRODUCT_BUNDLE_IDENTIFIER = "-.Day2-swiftUITests";
				PRODUCT_NAME = "$(TARGET_NAME)";
				SWIFT_EMIT_LOC_STRINGS = NO;
				SWIFT_VERSION = 5.0;
				TARGETED_DEVICE_FAMILY = "1,2";
				TEST_TARGET_NAME = "Day2 swift";
			};
			name = Release;
		};
/* End XCBuildConfiguration section */

/* Begin XCConfigurationList section */
		E1365A232DBE20F600BE4C32 /* Build configuration list for PBXProject "Day2 swift" */ = {
			isa = XCConfigurationList;
			buildConfigurations = (
				E1365A502DBE20F800BE4C32 /* Debug */,
				E1365A512DBE20F800BE4C32 /* Release */,
			);
			defaultConfigurationIsVisible = 0;
			defaultConfigurationName = Release;
		};
		E1365A522DBE20F800BE4C32 /* Build configuration list for PBXNativeTarget "Day2 swift" */ = {
			isa = XCConfigurationList;
			buildConfigurations = (
				E1365A532DBE20F800BE4C32 /* Debug */,
				E1365A542DBE20F800BE4C32 /* Release */,
			);
			defaultConfigurationIsVisible = 0;
			defaultConfigurationName = Release;
		};
		E1365A552DBE20F800BE4C32 /* Build configuration list for PBXNativeTarget "Day2 swiftTests" */ = {
			isa = XCConfigurationList;
			buildConfigurations = (
				E1365A562DBE20F800BE4C32 /* Debug */,
				E1365A572DBE20F800BE4C32 /* Release */,
			);
			defaultConfigurationIsVisible = 0;
			defaultConfigurationName = Release;
		};
		E1365A582DBE20F800BE4C32 /* Build configuration list for PBXNativeTarget "Day2 swiftUITests" */ = {
			isa = XCConfigurationList;
			buildConfigurations = (
				E1365A592DBE20F800BE4C32 /* Debug */,
				E1365A5A2DBE20F800BE4C32 /* Release */,
			);
			defaultConfigurationIsVisible = 0;
			defaultConfigurationName = Release;
		};
/* End XCConfigurationList section */
	};
	rootObject = E1365A202DBE20F600BE4C32 /* Project object */;
}
